
Microsoft Visual Studio Solution File, Format Version 12.00
# Visual Studio Version 17
VisualStudioVersion = 17.8.34525.116
MinimumVisualStudioVersion = 10.0.40219.1
Project("{9A19103F-16F7-4668-BE54-9A1E7A4F7556}") = "CanDatabaseManagementSystem.WebApi", "CanDatabaseManagementSystem.WebApi\CanDatabaseManagementSystem.WebApi.csproj", "{43CA17A4-3C3D-4537-BF9A-8A655FD404CE}"
EndProject
Project("{9A19103F-16F7-4668-BE54-9A1E7A4F7556}") = "DomainModels", "DomainModels\DomainModels.csproj", "{A097B409-5E0A-4BF1-B1E0-5E6E64C0F8BE}"
EndProject
Project("{9A19103F-16F7-4668-BE54-9A1E7A4F7556}") = "CanDatabaseManagementSystem.DAL", "CanDatabaseManagementSystem.DAL\CanDatabaseManagementSystem.DAL.csproj", "{02852A8E-F079-4912-A1DA-E4A5DDD28470}"
EndProject
Project("{9A19103F-16F7-4668-BE54-9A1E7A4F7556}") = "CanDatabaseManagementSystem.IOC", "CanDatabaseManagementSystem.IOC\CanDatabaseManagementSystem.IOC.csproj", "{86C8683F-F404-4096-8282-B26ADE166688}"
EndProject
Project("{9A19103F-16F7-4668-BE54-9A1E7A4F7556}") = "CanDatabaseManagementSystem.UI", "CanDatabaseManagementSystem.UI\CanDatabaseManagementSystem.UI.csproj", "{78A1DFEA-E96F-42C1-A743-4699E84CAFB9}"
EndProject
Project("{E53339B2-1760-4266-BCC7-CA923CBCF16C}") = "docker-compose", "docker-compose.dcproj", "{141A3316-D018-441A-B0F6-C25CF0A7C6C2}"
EndProject
Project("{9A19103F-16F7-4668-BE54-9A1E7A4F7556}") = "CanDatabaseManagementSystem.Common", "CanDatabaseManagementSystem.Common\CanDatabaseManagementSystem.Common.csproj", "{C6681F67-6080-4630-BE9F-4C7E2744EBF7}"
EndProject
Project("{9A19103F-16F7-4668-BE54-9A1E7A4F7556}") = "CanDatabaseManagementSystem.Contract", "CanDatabaseManagementSystem.Contract\CanDatabaseManagementSystem.Contract.csproj", "{B7C93F09-B0A6-4E2F-AA78-748964C56C6F}"
EndProject
Project("{9A19103F-16F7-4668-BE54-9A1E7A4F7556}") = "CanDatabaseManagementSystem.Service", "CanDatabaseManagementSystem.Service\CanDatabaseManagementSystem.Service.csproj", "{9CC240D9-803D-4B91-BC89-7703B453D1F8}"
EndProject
Global
	GlobalSection(SolutionConfigurationPlatforms) = preSolution
		Debug|Any CPU = Debug|Any CPU
		Release|Any CPU = Release|Any CPU
	EndGlobalSection
	GlobalSection(ProjectConfigurationPlatforms) = postSolution
		{43CA17A4-3C3D-4537-BF9A-8A655FD404CE}.Debug|Any CPU.ActiveCfg = Debug|Any CPU
		{43CA17A4-3C3D-4537-BF9A-8A655FD404CE}.Debug|Any CPU.Build.0 = Debug|Any CPU
		{43CA17A4-3C3D-4537-BF9A-8A655FD404CE}.Release|Any CPU.ActiveCfg = Release|Any CPU
		{43CA17A4-3C3D-4537-BF9A-8A655FD404CE}.Release|Any CPU.Build.0 = Release|Any CPU
		{A097B409-5E0A-4BF1-B1E0-5E6E64C0F8BE}.Debug|Any CPU.ActiveCfg = Debug|Any CPU
		{A097B409-5E0A-4BF1-B1E0-5E6E64C0F8BE}.Debug|Any CPU.Build.0 = Debug|Any CPU
		{A097B409-5E0A-4BF1-B1E0-5E6E64C0F8BE}.Release|Any CPU.ActiveCfg = Release|Any CPU
		{A097B409-5E0A-4BF1-B1E0-5E6E64C0F8BE}.Release|Any CPU.Build.0 = Release|Any CPU
		{02852A8E-F079-4912-A1DA-E4A5DDD28470}.Debug|Any CPU.ActiveCfg = Debug|Any CPU
		{02852A8E-F079-4912-A1DA-E4A5DDD28470}.Debug|Any CPU.Build.0 = Debug|Any CPU
		{02852A8E-F079-4912-A1DA-E4A5DDD28470}.Release|Any CPU.ActiveCfg = Release|Any CPU
		{02852A8E-F079-4912-A1DA-E4A5DDD28470}.Release|Any CPU.Build.0 = Release|Any CPU
		{86C8683F-F404-4096-8282-B26ADE166688}.Debug|Any CPU.ActiveCfg = Debug|Any CPU
		{86C8683F-F404-4096-8282-B26ADE166688}.Debug|Any CPU.Build.0 = Debug|Any CPU
		{86C8683F-F404-4096-8282-B26ADE166688}.Release|Any CPU.ActiveCfg = Release|Any CPU
		{86C8683F-F404-4096-8282-B26ADE166688}.Release|Any CPU.Build.0 = Release|Any CPU
		{78A1DFEA-E96F-42C1-A743-4699E84CAFB9}.Debug|Any CPU.ActiveCfg = Debug|Any CPU
		{78A1DFEA-E96F-42C1-A743-4699E84CAFB9}.Debug|Any CPU.Build.0 = Debug|Any CPU
		{78A1DFEA-E96F-42C1-A743-4699E84CAFB9}.Release|Any CPU.ActiveCfg = Release|Any CPU
		{78A1DFEA-E96F-42C1-A743-4699E84CAFB9}.Release|Any CPU.Build.0 = Release|Any CPU
		{141A3316-D018-441A-B0F6-C25CF0A7C6C2}.Debug|Any CPU.ActiveCfg = Debug|Any CPU
		{141A3316-D018-441A-B0F6-C25CF0A7C6C2}.Debug|Any CPU.Build.0 = Debug|Any CPU
		{141A3316-D018-441A-B0F6-C25CF0A7C6C2}.Release|Any CPU.ActiveCfg = Release|Any CPU
		{141A3316-D018-441A-B0F6-C25CF0A7C6C2}.Release|Any CPU.Build.0 = Release|Any CPU
		{C6681F67-6080-4630-BE9F-4C7E2744EBF7}.Debug|Any CPU.ActiveCfg = Debug|Any CPU
		{C6681F67-6080-4630-BE9F-4C7E2744EBF7}.Debug|Any CPU.Build.0 = Debug|Any CPU
		{C6681F67-6080-4630-BE9F-4C7E2744EBF7}.Release|Any CPU.ActiveCfg = Release|Any CPU
		{C6681F67-6080-4630-BE9F-4C7E2744EBF7}.Release|Any CPU.Build.0 = Release|Any CPU
		{B7C93F09-B0A6-4E2F-AA78-748964C56C6F}.Debug|Any CPU.ActiveCfg = Debug|Any CPU
		{B7C93F09-B0A6-4E2F-AA78-748964C56C6F}.Debug|Any CPU.Build.0 = Debug|Any CPU
		{B7C93F09-B0A6-4E2F-AA78-748964C56C6F}.Release|Any CPU.ActiveCfg = Release|Any CPU
		{B7C93F09-B0A6-4E2F-AA78-748964C56C6F}.Release|Any CPU.Build.0 = Release|Any CPU
		{9CC240D9-803D-4B91-BC89-7703B453D1F8}.Debug|Any CPU.ActiveCfg = Debug|Any CPU
		{9CC240D9-803D-4B91-BC89-7703B453D1F8}.Debug|Any CPU.Build.0 = Debug|Any CPU
		{9CC240D9-803D-4B91-BC89-7703B453D1F8}.Release|Any CPU.ActiveCfg = Release|Any CPU
		{9CC240D9-803D-4B91-BC89-7703B453D1F8}.Release|Any CPU.Build.0 = Release|Any CPU
	EndGlobalSection
	GlobalSection(SolutionProperties) = preSolution
		HideSolutionNode = FALSE
	EndGlobalSection
	GlobalSection(ExtensibilityGlobals) = postSolution
		SolutionGuid = {B0BB80AE-A55C-45EE-A1D8-D2ADB7BA8358}
	EndGlobalSection
EndGlobal
